
Microsoft Visual Studio Solution File, Format Version 12.00
# Visual Studio Version 16
VisualStudioVersion = 16.0.31112.23
MinimumVisualStudioVersion = 10.0.40219.1
Project("{FAE04EC0-301F-11D3-BF4B-00C04F79EFBC}") = "Prueba_Turn_Based_RPG", "Prueba_Turn_Based_RPG\Prueba_Turn_Based_RPG.csproj", "{69BF0F0A-6200-4270-89E0-B129B8382FFD}"
EndProject
Project("{FAE04EC0-301F-11D3-BF4B-00C04F79EFBC}") = "Entidades", "Entidades\Entidades.csproj", "{987A1568-F401-4AA5-B846-F137EBD5D195}"
EndProject
Global
	GlobalSection(SolutionConfigurationPlatforms) = preSolution
		Debug|Any CPU = Debug|Any CPU
		Release|Any CPU = Release|Any CPU
	EndGlobalSection
	GlobalSection(ProjectConfigurationPlatforms) = postSolution
		{69BF0F0A-6200-4270-89E0-B129B8382FFD}.Debug|Any CPU.ActiveCfg = Debug|Any CPU
		{69BF0F0A-6200-4270-89E0-B129B8382FFD}.Debug|Any CPU.Build.0 = Debug|Any CPU
		{69BF0F0A-6200-4270-89E0-B129B8382FFD}.Release|Any CPU.ActiveCfg = Release|Any CPU
		{69BF0F0A-6200-4270-89E0-B129B8382FFD}.Release|Any CPU.Build.0 = Release|Any CPU
		{987A1568-F401-4AA5-B846-F137EBD5D195}.Debug|Any CPU.ActiveCfg = Debug|Any CPU
		{987A1568-F401-4AA5-B846-F137EBD5D195}.Debug|Any CPU.Build.0 = Debug|Any CPU
		{987A1568-F401-4AA5-B846-F137EBD5D195}.Release|Any CPU.ActiveCfg = Release|Any CPU
		{987A1568-F401-4AA5-B846-F137EBD5D195}.Release|Any CPU.Build.0 = Release|Any CPU
	EndGlobalSection
	GlobalSection(SolutionProperties) = preSolution
		HideSolutionNode = FALSE
	EndGlobalSection
	GlobalSection(ExtensibilityGlobals) = postSolution
		SolutionGuid = {2443D1F4-92D4-437C-91B3-D95EEF3698F2}
	EndGlobalSection
EndGlobal
